
Microsoft Visual Studio Solution File, Format Version 12.00
# Visual Studio Version 17
VisualStudioVersion = 17.14.36212.18 d17.14
MinimumVisualStudioVersion = 10.0.40219.1
Project("{2150E333-8FDC-42A3-9474-1A3956D46DE8}") = "SRC", "SRC", "{02EA681E-C7D8-13C7-8484-4AC65E1B71E8}"
EndProject
Project("{2150E333-8FDC-42A3-9474-1A3956D46DE8}") = "Core", "Core", "{DEDD75FA-A57F-4A83-8734-4645A25233B9}"
EndProject
Project("{2150E333-8FDC-42A3-9474-1A3956D46DE8}") = "Infraestructure", "Infraestructure", "{9EC61BEA-B5F8-4EC6-BF37-FE7F4F90E200}"
EndProject
Project("{2150E333-8FDC-42A3-9474-1A3956D46DE8}") = "Presentation", "Presentation", "{AAC07521-3062-43CA-A44C-8B26D60F48A5}"
EndProject
Project("{FAE04EC0-301F-11D3-BF4B-00C04F79EFBC}") = "Application", "Application\Application.csproj", "{054E5B00-B699-4553-9273-6417902724FF}"
EndProject
Project("{FAE04EC0-301F-11D3-BF4B-00C04F79EFBC}") = "Domain", "Domain\Domain.csproj", "{FD034DB7-A09A-43E0-881D-89E8A9990731}"
EndProject
Project("{FAE04EC0-301F-11D3-BF4B-00C04F79EFBC}") = "Persistencia", "Persistencia\Persistencia.csproj", "{8DB0B69B-9BDB-4C72-BCCC-8568138B0C2E}"
EndProject
Project("{FAE04EC0-301F-11D3-BF4B-00C04F79EFBC}") = "Shared", "Shared\Shared.csproj", "{5FFD08E7-AA18-4653-822C-6B1C22D3BD80}"
EndProject
Project("{FAE04EC0-301F-11D3-BF4B-00C04F79EFBC}") = "WebAPI", "WebAPI\WebAPI.csproj", "{0DD6317A-D23A-4C21-B621-07C5BB7E2670}"
EndProject
Global
	GlobalSection(SolutionConfigurationPlatforms) = preSolution
		Debug|Any CPU = Debug|Any CPU
		Release|Any CPU = Release|Any CPU
	EndGlobalSection
	GlobalSection(ProjectConfigurationPlatforms) = postSolution
		{054E5B00-B699-4553-9273-6417902724FF}.Debug|Any CPU.ActiveCfg = Debug|Any CPU
		{054E5B00-B699-4553-9273-6417902724FF}.Debug|Any CPU.Build.0 = Debug|Any CPU
		{054E5B00-B699-4553-9273-6417902724FF}.Release|Any CPU.ActiveCfg = Release|Any CPU
		{054E5B00-B699-4553-9273-6417902724FF}.Release|Any CPU.Build.0 = Release|Any CPU
		{FD034DB7-A09A-43E0-881D-89E8A9990731}.Debug|Any CPU.ActiveCfg = Debug|Any CPU
		{FD034DB7-A09A-43E0-881D-89E8A9990731}.Debug|Any CPU.Build.0 = Debug|Any CPU
		{FD034DB7-A09A-43E0-881D-89E8A9990731}.Release|Any CPU.ActiveCfg = Release|Any CPU
		{FD034DB7-A09A-43E0-881D-89E8A9990731}.Release|Any CPU.Build.0 = Release|Any CPU
		{8DB0B69B-9BDB-4C72-BCCC-8568138B0C2E}.Debug|Any CPU.ActiveCfg = Debug|Any CPU
		{8DB0B69B-9BDB-4C72-BCCC-8568138B0C2E}.Debug|Any CPU.Build.0 = Debug|Any CPU
		{8DB0B69B-9BDB-4C72-BCCC-8568138B0C2E}.Release|Any CPU.ActiveCfg = Release|Any CPU
		{8DB0B69B-9BDB-4C72-BCCC-8568138B0C2E}.Release|Any CPU.Build.0 = Release|Any CPU
		{5FFD08E7-AA18-4653-822C-6B1C22D3BD80}.Debug|Any CPU.ActiveCfg = Debug|Any CPU
		{5FFD08E7-AA18-4653-822C-6B1C22D3BD80}.Debug|Any CPU.Build.0 = Debug|Any CPU
		{5FFD08E7-AA18-4653-822C-6B1C22D3BD80}.Release|Any CPU.ActiveCfg = Release|Any CPU
		{5FFD08E7-AA18-4653-822C-6B1C22D3BD80}.Release|Any CPU.Build.0 = Release|Any CPU
		{0DD6317A-D23A-4C21-B621-07C5BB7E2670}.Debug|Any CPU.ActiveCfg = Debug|Any CPU
		{0DD6317A-D23A-4C21-B621-07C5BB7E2670}.Debug|Any CPU.Build.0 = Debug|Any CPU
		{0DD6317A-D23A-4C21-B621-07C5BB7E2670}.Release|Any CPU.ActiveCfg = Release|Any CPU
		{0DD6317A-D23A-4C21-B621-07C5BB7E2670}.Release|Any CPU.Build.0 = Release|Any CPU
	EndGlobalSection
	GlobalSection(SolutionProperties) = preSolution
		HideSolutionNode = FALSE
	EndGlobalSection
	GlobalSection(NestedProjects) = preSolution
		{DEDD75FA-A57F-4A83-8734-4645A25233B9} = {02EA681E-C7D8-13C7-8484-4AC65E1B71E8}
		{9EC61BEA-B5F8-4EC6-BF37-FE7F4F90E200} = {02EA681E-C7D8-13C7-8484-4AC65E1B71E8}
		{AAC07521-3062-43CA-A44C-8B26D60F48A5} = {02EA681E-C7D8-13C7-8484-4AC65E1B71E8}
		{054E5B00-B699-4553-9273-6417902724FF} = {DEDD75FA-A57F-4A83-8734-4645A25233B9}
		{FD034DB7-A09A-43E0-881D-89E8A9990731} = {DEDD75FA-A57F-4A83-8734-4645A25233B9}
		{8DB0B69B-9BDB-4C72-BCCC-8568138B0C2E} = {9EC61BEA-B5F8-4EC6-BF37-FE7F4F90E200}
		{5FFD08E7-AA18-4653-822C-6B1C22D3BD80} = {9EC61BEA-B5F8-4EC6-BF37-FE7F4F90E200}
		{0DD6317A-D23A-4C21-B621-07C5BB7E2670} = {AAC07521-3062-43CA-A44C-8B26D60F48A5}
	EndGlobalSection
	GlobalSection(ExtensibilityGlobals) = postSolution
		SolutionGuid = {F96A8D17-C708-4C38-A085-1630383D1D3E}
	EndGlobalSection
EndGlobal
